
Microsoft Visual Studio Solution File, Format Version 12.00
# Visual Studio Version 16
VisualStudioVersion = 16.0.29411.108
MinimumVisualStudioVersion = 10.0.40219.1
Project("{FAE04EC0-301F-11D3-BF4B-00C04F79EFBC}") = "KT15_Livekod", "KT15_Livekod\KT15_Livekod.csproj", "{C7D1A08B-7525-4B61-A4C1-DBF259623C11}"
EndProject
Project("{FAE04EC0-301F-11D3-BF4B-00C04F79EFBC}") = "DataLogik", "DataLogik\DataLogik.csproj", "{15FB4E2D-A2A0-4171-A4DF-E44567550EA6}"
EndProject
Global
	GlobalSection(SolutionConfigurationPlatforms) = preSolution
		Debug|Any CPU = Debug|Any CPU
		Release|Any CPU = Release|Any CPU
	EndGlobalSection
	GlobalSection(ProjectConfigurationPlatforms) = postSolution
		{C7D1A08B-7525-4B61-A4C1-DBF259623C11}.Debug|Any CPU.ActiveCfg = Debug|Any CPU
		{C7D1A08B-7525-4B61-A4C1-DBF259623C11}.Debug|Any CPU.Build.0 = Debug|Any CPU
		{C7D1A08B-7525-4B61-A4C1-DBF259623C11}.Release|Any CPU.ActiveCfg = Release|Any CPU
		{C7D1A08B-7525-4B61-A4C1-DBF259623C11}.Release|Any CPU.Build.0 = Release|Any CPU
		{15FB4E2D-A2A0-4171-A4DF-E44567550EA6}.Debug|Any CPU.ActiveCfg = Debug|Any CPU
		{15FB4E2D-A2A0-4171-A4DF-E44567550EA6}.Debug|Any CPU.Build.0 = Debug|Any CPU
		{15FB4E2D-A2A0-4171-A4DF-E44567550EA6}.Release|Any CPU.ActiveCfg = Release|Any CPU
		{15FB4E2D-A2A0-4171-A4DF-E44567550EA6}.Release|Any CPU.Build.0 = Release|Any CPU
	EndGlobalSection
	GlobalSection(SolutionProperties) = preSolution
		HideSolutionNode = FALSE
	EndGlobalSection
	GlobalSection(ExtensibilityGlobals) = postSolution
		SolutionGuid = {AC257F4B-B0B7-4589-862F-4C579C684A37}
	EndGlobalSection
EndGlobal
